{
  "lockfileVersion": 1,
  "configVersion": 1,
  "workspaces": {
    "": {
      "name": "magic-shell",
      "dependencies": {
        "@ai-sdk/anthropic": "3.0.74",
        "@ai-sdk/google": "3.0.67",
        "@ai-sdk/openai": "3.0.58",
        "@ai-sdk/openai-compatible": "2.0.45",
        "@opentui/core": "0.2.1",
        "ai": "6.0.174",
      },
      "devDependencies": {
        "@types/bun": "1.3.13",
        "typescript": "6.0.3",
      },
    },
  },
  "packages": {
    "@ai-sdk/anthropic": ["@ai-sdk/anthropic@3.0.74", "", { "dependencies": { "@ai-sdk/provider": "3.0.10", "@ai-sdk/provider-utils": "4.0.26" }, "peerDependencies": { "zod": "^3.25.76 || ^4.1.8" } }, "sha512-Xew9rfz9WWhDSyF8rNhjT/XWOWelNfJrMlmG0Ahw210hStisRpQZ1s+7VeI9JTJOZ5y5tXqBi5kfPwYnCfyRTA=="],

    "@ai-sdk/gateway": ["@ai-sdk/gateway@3.0.109", "", { "dependencies": { "@ai-sdk/provider": "3.0.10", "@ai-sdk/provider-utils": "4.0.26", "@vercel/oidc": "3.2.0" }, "peerDependencies": { "zod": "^3.25.76 || ^4.1.8" } }, "sha512-r6dOqThjODp1vOhGRJg2OCmyB/ZOQtGx1esZ2SDvwDX5XoX8dBqYaYjLg8MPXTzMGJSgOkJyCxWgUcZtAl16pw=="],

    "@ai-sdk/google": ["@ai-sdk/google@3.0.67", "", { "dependencies": { "@ai-sdk/provider": "3.0.10", "@ai-sdk/provider-utils": "4.0.26" }, "peerDependencies": { "zod": "^3.25.76 || ^4.1.8" } }, "sha512-Qeq+SidYtzMrcf0fdw3L0QLmtXK+ErwdBzbxS4+0Q/2UP85Ges8RJJcbAj7SO8e2JbeJoM35BLqkeNy1o3wJvQ=="],

    "@ai-sdk/openai": ["@ai-sdk/openai@3.0.58", "", { "dependencies": { "@ai-sdk/provider": "3.0.10", "@ai-sdk/provider-utils": "4.0.26" }, "peerDependencies": { "zod": "^3.25.76 || ^4.1.8" } }, "sha512-2+5xGMROmrBboJuoOwqLL3b/o3i56+NRdxXDNVAiTyYjLiBj6KzembeuyuBT217be1X+zkEfAqD1H0irJlGIyw=="],

    "@ai-sdk/openai-compatible": ["@ai-sdk/openai-compatible@2.0.45", "", { "dependencies": { "@ai-sdk/provider": "3.0.10", "@ai-sdk/provider-utils": "4.0.26" }, "peerDependencies": { "zod": "^3.25.76 || ^4.1.8" } }, "sha512-5YBvurNL7Oj7mT3srws4Rh4cQidoorfEGObAOb5jV40eld8IC7EkXWARZjnWYqgYzabUs6Sn6muiXfQVkgOyOQ=="],

    "@ai-sdk/provider": ["@ai-sdk/provider@3.0.10", "", { "dependencies": { "json-schema": "^0.4.0" } }, "sha512-Q3BZ27qfpYqnCYGvE3vt+Qi6LGOF9R5Nmzn+9JoM1lCRsD9mYaIhfJLkSunN48nfGXJ6n+XNV0J/XVpqGQl7Dw=="],

    "@ai-sdk/provider-utils": ["@ai-sdk/provider-utils@4.0.26", "", { "dependencies": { "@ai-sdk/provider": "3.0.10", "@standard-schema/spec": "^1.1.0", "eventsource-parser": "^3.0.8" }, "peerDependencies": { "zod": "^3.25.76 || ^4.1.8" } }, "sha512-CsKNLKsOpvPujRlIYvoz+Ybw+kGn7J4/fIZa/58+R7iWLLfwn6ifE2G6Yq8K9XvH/I/3bzaDAJ3NhRwEMsLBKQ=="],

    "@opentelemetry/api": ["@opentelemetry/api@1.9.0", "", {}, "sha512-3giAOQvZiH5F9bMlMiv8+GSPMeqg0dbaeo58/0SlA9sxSqZhnUtxzX9/2FzyhS9sWQf5S0GJE0AKBrFqjpeYcg=="],

    "@opentui/core": ["@opentui/core@0.2.1", "", { "dependencies": { "bun-ffi-structs": "0.1.2", "diff": "9.0.0", "marked": "17.0.1", "string-width": "7.2.0", "strip-ansi": "7.1.2", "yoga-layout": "3.2.1" }, "optionalDependencies": { "@opentui/core-darwin-arm64": "0.2.1", "@opentui/core-darwin-x64": "0.2.1", "@opentui/core-linux-arm64": "0.2.1", "@opentui/core-linux-x64": "0.2.1", "@opentui/core-win32-arm64": "0.2.1", "@opentui/core-win32-x64": "0.2.1" }, "peerDependencies": { "web-tree-sitter": "0.25.10" } }, "sha512-tXFD2NeznXzZa02yOsQ/D0o/06GBqVrPR7VdmgqI+ZChcS7NY/QgNQGgAZUditW2vezFcxlgTqoCgQaZFqRfGQ=="],

    "@opentui/core-darwin-arm64": ["@opentui/core-darwin-arm64@0.2.1", "", { "os": "darwin", "cpu": "arm64" }, "sha512-vT8rgeNdkzD84wCcS5zmrSVFgR/SjeVr+2FNM/icTjwKh9Jq3cY6UY7/EFck3PRjrmanNu4zw7W5lFKSpMxnPQ=="],

    "@opentui/core-darwin-x64": ["@opentui/core-darwin-x64@0.2.1", "", { "os": "darwin", "cpu": "x64" }, "sha512-HAH1KeTejs0Z+RChNsNImI1eOlYJabKeAEvLtnn1aiHxvJFpzdAi6d/VrG5WFcxAem6TVRtnKN46gXff26lkig=="],

    "@opentui/core-linux-arm64": ["@opentui/core-linux-arm64@0.2.1", "", { "os": "linux", "cpu": "arm64" }, "sha512-447FI6xolsKbG1eH3hpNGQhQ/8M6FDJIgpiJhX9XXvZGO7vEyN6efyqqIzRF+quafqF69+rT3qK70S1svjwVKA=="],

    "@opentui/core-linux-x64": ["@opentui/core-linux-x64@0.2.1", "", { "os": "linux", "cpu": "x64" }, "sha512-Xdds+HnAbFiylTdxyYhRxPFPnrHm75KTi7QCA1JHU3lb8Sfwrxv3nlYtFhEV798y4osafsghL20Nq5mqVPjizQ=="],

    "@opentui/core-win32-arm64": ["@opentui/core-win32-arm64@0.2.1", "", { "os": "win32", "cpu": "arm64" }, "sha512-VEuqX9OSFpw960mibe4OXVmnE43V/VYwB61zoxD5uw7L3jgCiOfrf+W2TuFbcRAgtTD35MypJ53fYxmUcVZc8g=="],

    "@opentui/core-win32-x64": ["@opentui/core-win32-x64@0.2.1", "", { "os": "win32", "cpu": "x64" }, "sha512-ywwRbyjPPEbNe3da+ez4NxIaJWQ79sA2gdepuHKUVdmdxsevdRpAxOHkEpJNtiVvphPc/On9EsP25Hmn5gjYxg=="],

    "@standard-schema/spec": ["@standard-schema/spec@1.1.0", "", {}, "sha512-l2aFy5jALhniG5HgqrD6jXLi/rUWrKvqN/qJx6yoJsgKhblVd+iqqU4RCXavm/jPityDo5TCvKMnpjKnOriy0w=="],

    "@types/bun": ["@types/bun@1.3.13", "", { "dependencies": { "bun-types": "1.3.13" } }, "sha512-9fqXWk5YIHGGnUau9TEi+qdlTYDAnOj+xLCmSTwXfAIqXr2x4tytJb43E9uCvt09zJURKXwAtkoH4nLQfzeTXw=="],

    "@types/node": ["@types/node@25.0.10", "", { "dependencies": { "undici-types": "~7.16.0" } }, "sha512-zWW5KPngR/yvakJgGOmZ5vTBemDoSqF3AcV/LrO5u5wTWyEAVVh+IT39G4gtyAkh3CtTZs8aX/yRM82OfzHJRg=="],

    "@vercel/oidc": ["@vercel/oidc@3.2.0", "", {}, "sha512-UycprH3T6n3jH0k44NHMa7pnFHGu/N05MjojYr+Mc6I7obkoLIJujSWwin1pCvdy/eOxrI/l3uDLQsmcrOb4ug=="],

    "ai": ["ai@6.0.174", "", { "dependencies": { "@ai-sdk/gateway": "3.0.109", "@ai-sdk/provider": "3.0.10", "@ai-sdk/provider-utils": "4.0.26", "@opentelemetry/api": "1.9.0" }, "peerDependencies": { "zod": "^3.25.76 || ^4.1.8" } }, "sha512-bTrfLUWHWtkjzWyCY4bmyuk4Qvmj4S4NSNsXyNSVVqkmftQNtxRj7dzUoMeQDBBwlJO6fC7m2Q/lNOPqQQfAGA=="],

    "ansi-regex": ["ansi-regex@6.2.2", "", {}, "sha512-Bq3SmSpyFHaWjPk8If9yc6svM8c56dB5BAtW4Qbw5jHTwwXXcTLoRMkpDJp6VL0XzlWaCHTXrkFURMYmD0sLqg=="],

    "bun-ffi-structs": ["bun-ffi-structs@0.1.2", "", { "peerDependencies": { "typescript": "^5" } }, "sha512-Lh1oQAYHDcnesJauieA4UNkWGXY9hYck7OA5IaRwE3Bp6K2F2pJSNYqq+hIy7P3uOvo3km3oxS8304g5gDMl/w=="],

    "bun-types": ["bun-types@1.3.13", "", { "dependencies": { "@types/node": "*" } }, "sha512-QXKeHLlOLqQX9LgYaHJfzdBaV21T63HhFJnvuRCcjZiaUDpbs5ED1MgxbMra71CsryN/1dAoXuJJJwIv/2drVA=="],

    "diff": ["diff@9.0.0", "", {}, "sha512-svtcdpS8CgJyqAjEQIXdb3OjhFVVYjzGAPO8WGCmRbrml64SPw/jJD4GoE98aR7r25A0XcgrK3F02yw9R/vhQw=="],

    "emoji-regex": ["emoji-regex@10.6.0", "", {}, "sha512-toUI84YS5YmxW219erniWD0CIVOo46xGKColeNQRgOzDorgBi1v4D71/OFzgD9GO2UGKIv1C3Sp8DAn0+j5w7A=="],

    "eventsource-parser": ["eventsource-parser@3.0.8", "", {}, "sha512-70QWGkr4snxr0OXLRWsFLeRBIRPuQOvt4s8QYjmUlmlkyTZkRqS7EDVRZtzU3TiyDbXSzaOeF0XUKy8PchzukQ=="],

    "get-east-asian-width": ["get-east-asian-width@1.5.0", "", {}, "sha512-CQ+bEO+Tva/qlmw24dCejulK5pMzVnUOFOijVogd3KQs07HnRIgp8TGipvCCRT06xeYEbpbgwaCxglFyiuIcmA=="],

    "json-schema": ["json-schema@0.4.0", "", {}, "sha512-es94M3nTIfsEPisRafak+HDLfHXnKBhV3vU5eqPcS3flIWqcxJWgXHXiey3YrpaNsanY5ei1VoYEbOzijuq9BA=="],

    "marked": ["marked@17.0.1", "", { "bin": { "marked": "bin/marked.js" } }, "sha512-boeBdiS0ghpWcSwoNm/jJBwdpFaMnZWRzjA6SkUMYb40SVaN1x7mmfGKp0jvexGcx+7y2La5zRZsYFZI6Qpypg=="],

    "string-width": ["string-width@7.2.0", "", { "dependencies": { "emoji-regex": "^10.3.0", "get-east-asian-width": "^1.0.0", "strip-ansi": "^7.1.0" } }, "sha512-tsaTIkKW9b4N+AEj+SVA+WhJzV7/zMhcSu78mLKWSk7cXMOSHsBKFWUs0fWwq8QyK3MgJBQRX6Gbi4kYbdvGkQ=="],

    "strip-ansi": ["strip-ansi@7.1.2", "", { "dependencies": { "ansi-regex": "^6.0.1" } }, "sha512-gmBGslpoQJtgnMAvOVqGZpEz9dyoKTCzy2nfz/n8aIFhN/jCE/rCmcxabB6jOOHV+0WNnylOxaxBQPSvcWklhA=="],

    "typescript": ["typescript@6.0.3", "", { "bin": { "tsc": "bin/tsc", "tsserver": "bin/tsserver" } }, "sha512-y2TvuxSZPDyQakkFRPZHKFm+KKVqIisdg9/CZwm9ftvKXLP8NRWj38/ODjNbr43SsoXqNuAisEf1GdCxqWcdBw=="],

    "undici-types": ["undici-types@7.16.0", "", {}, "sha512-Zz+aZWSj8LE6zoxD+xrjh4VfkIG8Ya6LvYkZqtUQGJPZjYl53ypCaUwWqo7eI0x66KBGeRo+mlBEkMSeSZ38Nw=="],

    "web-tree-sitter": ["web-tree-sitter@0.25.10", "", { "peerDependencies": { "@types/emscripten": "^1.40.0" }, "optionalPeers": ["@types/emscripten"] }, "sha512-Y09sF44/13XvgVKgO2cNDw5rGk6s26MgoZPXLESvMXeefBf7i6/73eFurre0IsTW6E14Y0ArIzhUMmjoc7xyzA=="],

    "yoga-layout": ["yoga-layout@3.2.1", "", {}, "sha512-0LPOt3AxKqMdFBZA3HBAt/t/8vIKq7VaQYbuA8WxCgung+p9TVyKRYdpvCb80HcdTN2NkbIKbhNwKUfm3tQywQ=="],

    "zod": ["zod@3.25.76", "", {}, "sha512-gzUt/qt81nXsFGKIFcC3YnfEAx5NkunCfnDlvuBSSFS02bcXu4Lmea0AFIUwbLWxWPx3d9p8S5QoaujKcNQxcQ=="],
  }
}
